
Microsoft Visual Studio Solution File, Format Version 12.00
# Visual Studio Version 17
VisualStudioVersion = 17.8.34316.72
MinimumVisualStudioVersion = 10.0.40219.1
Project("{FAE04EC0-301F-11D3-BF4B-00C04F79EFBC}") = "BMI Calculator", "BMI Calculator.csproj", "{EDCF7E37-5F74-4222-973E-899CBB42B8B2}"
EndProject
Global
	GlobalSection(SolutionConfigurationPlatforms) = preSolution
		Debug|Any CPU = Debug|Any CPU
		Release|Any CPU = Release|Any CPU
	EndGlobalSection
	GlobalSection(ProjectConfigurationPlatforms) = postSolution
		{EDCF7E37-5F74-4222-973E-899CBB42B8B2}.Debug|Any CPU.ActiveCfg = Debug|Any CPU
		{EDCF7E37-5F74-4222-973E-899CBB42B8B2}.Debug|Any CPU.Build.0 = Debug|Any CPU
		{EDCF7E37-5F74-4222-973E-899CBB42B8B2}.Release|Any CPU.ActiveCfg = Release|Any CPU
		{EDCF7E37-5F74-4222-973E-899CBB42B8B2}.Release|Any CPU.Build.0 = Release|Any CPU
	EndGlobalSection
	GlobalSection(SolutionProperties) = preSolution
		HideSolutionNode = FALSE
	EndGlobalSection
	GlobalSection(ExtensibilityGlobals) = postSolution
		SolutionGuid = {8B9DF7D8-62F3-47B1-9F54-D97D1D699832}
	EndGlobalSection
EndGlobal
